
Microsoft Visual Studio Solution File, Format Version 12.00
# Visual Studio 15
VisualStudioVersion = 15.0.28010.2036
MinimumVisualStudioVersion = 10.0.40219.1
Project("{FAE04EC0-301F-11D3-BF4B-00C04F79EFBC}") = "Angular6Heroes", "Angular6Heroes\Angular6Heroes.csproj", "{147A7B54-3F15-420E-8FC2-7E2D5FAE284E}"
EndProject
Global
	GlobalSection(SolutionConfigurationPlatforms) = preSolution
		Debug|Any CPU = Debug|Any CPU
		Release|Any CPU = Release|Any CPU
	EndGlobalSection
	GlobalSection(ProjectConfigurationPlatforms) = postSolution
		{147A7B54-3F15-420E-8FC2-7E2D5FAE284E}.Debug|Any CPU.ActiveCfg = Debug|Any CPU
		{147A7B54-3F15-420E-8FC2-7E2D5FAE284E}.Debug|Any CPU.Build.0 = Debug|Any CPU
		{147A7B54-3F15-420E-8FC2-7E2D5FAE284E}.Release|Any CPU.ActiveCfg = Release|Any CPU
		{147A7B54-3F15-420E-8FC2-7E2D5FAE284E}.Release|Any CPU.Build.0 = Release|Any CPU
	EndGlobalSection
	GlobalSection(SolutionProperties) = preSolution
		HideSolutionNode = FALSE
	EndGlobalSection
	GlobalSection(ExtensibilityGlobals) = postSolution
		SolutionGuid = {BF37D4C8-A638-4BBC-AB19-D72F5F56FF5B}
	EndGlobalSection
EndGlobal
